
Microsoft Visual Studio Solution File, Format Version 12.00
# Visual Studio 2013
VisualStudioVersion = 12.0.30501.0
MinimumVisualStudioVersion = 10.0.40219.1
Project("{FAE04EC0-301F-11D3-BF4B-00C04F79EFBC}") = "Investment", "Investment\Investment.csproj", "{321E644D-C917-406C-9BBD-238429DD848C}"
EndProject
Project("{FAE04EC0-301F-11D3-BF4B-00C04F79EFBC}") = "Investment.Portable", "Investment.Portable\Investment.Portable.csproj", "{67F9D3A8-F71E-4428-913F-C37AE82CDB24}"
EndProject
Project("{2150E333-8FDC-42A3-9474-1A3956D46DE8}") = ".nuget", ".nuget", "{8811F7A1-AAAE-4DE3-AF70-C3E858C9179E}"
	ProjectSection(SolutionItems) = preProject
		.nuget\NuGet.Config = .nuget\NuGet.Config
		.nuget\NuGet.exe = .nuget\NuGet.exe
		.nuget\NuGet.targets = .nuget\NuGet.targets
	EndProjectSection
EndProject
Global
	GlobalSection(SolutionConfigurationPlatforms) = preSolution
		Ad-Hoc|Any CPU = Ad-Hoc|Any CPU
		Ad-Hoc|ARM = Ad-Hoc|ARM
		Ad-Hoc|iPhone = Ad-Hoc|iPhone
		Ad-Hoc|iPhoneSimulator = Ad-Hoc|iPhoneSimulator
		Ad-Hoc|Mixed Platforms = Ad-Hoc|Mixed Platforms
		Ad-Hoc|x86 = Ad-Hoc|x86
		AppStore|Any CPU = AppStore|Any CPU
		AppStore|ARM = AppStore|ARM
		AppStore|iPhone = AppStore|iPhone
		AppStore|iPhoneSimulator = AppStore|iPhoneSimulator
		AppStore|Mixed Platforms = AppStore|Mixed Platforms
		AppStore|x86 = AppStore|x86
		Debug|Any CPU = Debug|Any CPU
		Debug|ARM = Debug|ARM
		Debug|iPhone = Debug|iPhone
		Debug|iPhoneSimulator = Debug|iPhoneSimulator
		Debug|Mixed Platforms = Debug|Mixed Platforms
		Debug|x86 = Debug|x86
		Release|Any CPU = Release|Any CPU
		Release|ARM = Release|ARM
		Release|iPhone = Release|iPhone
		Release|iPhoneSimulator = Release|iPhoneSimulator
		Release|Mixed Platforms = Release|Mixed Platforms
		Release|x86 = Release|x86
	EndGlobalSection
	GlobalSection(ProjectConfigurationPlatforms) = postSolution
		{321E644D-C917-406C-9BBD-238429DD848C}.Ad-Hoc|Any CPU.ActiveCfg = Release|Any CPU
		{321E644D-C917-406C-9BBD-238429DD848C}.Ad-Hoc|Any CPU.Build.0 = Release|Any CPU
		{321E644D-C917-406C-9BBD-238429DD848C}.Ad-Hoc|Any CPU.Deploy.0 = Release|Any CPU
		{321E644D-C917-406C-9BBD-238429DD848C}.Ad-Hoc|ARM.ActiveCfg = Release|Any CPU
		{321E644D-C917-406C-9BBD-238429DD848C}.Ad-Hoc|iPhone.ActiveCfg = Release|Any CPU
		{321E644D-C917-406C-9BBD-238429DD848C}.Ad-Hoc|iPhoneSimulator.ActiveCfg = Release|Any CPU
		{321E644D-C917-406C-9BBD-238429DD848C}.Ad-Hoc|Mixed Platforms.ActiveCfg = Release|Any CPU
		{321E644D-C917-406C-9BBD-238429DD848C}.Ad-Hoc|Mixed Platforms.Build.0 = Release|Any CPU
		{321E644D-C917-406C-9BBD-238429DD848C}.Ad-Hoc|Mixed Platforms.Deploy.0 = Release|Any CPU
		{321E644D-C917-406C-9BBD-238429DD848C}.Ad-Hoc|x86.ActiveCfg = Release|Any CPU
		{321E644D-C917-406C-9BBD-238429DD848C}.AppStore|Any CPU.ActiveCfg = Release|Any CPU
		{321E644D-C917-406C-9BBD-238429DD848C}.AppStore|Any CPU.Build.0 = Release|Any CPU
		{321E644D-C917-406C-9BBD-238429DD848C}.AppStore|Any CPU.Deploy.0 = Release|Any CPU
		{321E644D-C917-406C-9BBD-238429DD848C}.AppStore|ARM.ActiveCfg = Release|Any CPU
		{321E644D-C917-406C-9BBD-238429DD848C}.AppStore|iPhone.ActiveCfg = Release|Any CPU
		{321E644D-C917-406C-9BBD-238429DD848C}.AppStore|iPhoneSimulator.ActiveCfg = Release|Any CPU
		{321E644D-C917-406C-9BBD-238429DD848C}.AppStore|Mixed Platforms.ActiveCfg = Release|Any CPU
		{321E644D-C917-406C-9BBD-238429DD848C}.AppStore|Mixed Platforms.Build.0 = Release|Any CPU
		{321E644D-C917-406C-9BBD-238429DD848C}.AppStore|Mixed Platforms.Deploy.0 = Release|Any CPU
		{321E644D-C917-406C-9BBD-238429DD848C}.AppStore|x86.ActiveCfg = Release|Any CPU
		{321E644D-C917-406C-9BBD-238429DD848C}.Debug|Any CPU.ActiveCfg = Debug|Any CPU
		{321E644D-C917-406C-9BBD-238429DD848C}.Debug|Any CPU.Build.0 = Debug|Any CPU
		{321E644D-C917-406C-9BBD-238429DD848C}.Debug|Any CPU.Deploy.0 = Debug|Any CPU
		{321E644D-C917-406C-9BBD-238429DD848C}.Debug|ARM.ActiveCfg = Debug|Any CPU
		{321E644D-C917-406C-9BBD-238429DD848C}.Debug|iPhone.ActiveCfg = Debug|Any CPU
		{321E644D-C917-406C-9BBD-238429DD848C}.Debug|iPhoneSimulator.ActiveCfg = Debug|Any CPU
		{321E644D-C917-406C-9BBD-238429DD848C}.Debug|Mixed Platforms.ActiveCfg = Debug|Any CPU
		{321E644D-C917-406C-9BBD-238429DD848C}.Debug|Mixed Platforms.Build.0 = Debug|Any CPU
		{321E644D-C917-406C-9BBD-238429DD848C}.Debug|Mixed Platforms.Deploy.0 = Debug|Any CPU
		{321E644D-C917-406C-9BBD-238429DD848C}.Debug|x86.ActiveCfg = Debug|Any CPU
		{321E644D-C917-406C-9BBD-238429DD848C}.Debug|x86.Build.0 = Debug|Any CPU
		{321E644D-C917-406C-9BBD-238429DD848C}.Debug|x86.Deploy.0 = Debug|Any CPU
		{321E644D-C917-406C-9BBD-238429DD848C}.Release|Any CPU.ActiveCfg = Release|Any CPU
		{321E644D-C917-406C-9BBD-238429DD848C}.Release|Any CPU.Build.0 = Release|Any CPU
		{321E644D-C917-406C-9BBD-238429DD848C}.Release|Any CPU.Deploy.0 = Release|Any CPU
		{321E644D-C917-406C-9BBD-238429DD848C}.Release|ARM.ActiveCfg = Release|Any CPU
		{321E644D-C917-406C-9BBD-238429DD848C}.Release|iPhone.ActiveCfg = Release|Any CPU
		{321E644D-C917-406C-9BBD-238429DD848C}.Release|iPhoneSimulator.ActiveCfg = Release|Any CPU
		{321E644D-C917-406C-9BBD-238429DD848C}.Release|Mixed Platforms.ActiveCfg = Release|Any CPU
		{321E644D-C917-406C-9BBD-238429DD848C}.Release|Mixed Platforms.Build.0 = Release|Any CPU
		{321E644D-C917-406C-9BBD-238429DD848C}.Release|Mixed Platforms.Deploy.0 = Release|Any CPU
		{321E644D-C917-406C-9BBD-238429DD848C}.Release|x86.ActiveCfg = Release|Any CPU
		{67F9D3A8-F71E-4428-913F-C37AE82CDB24}.Ad-Hoc|Any CPU.ActiveCfg = Release|Any CPU
		{67F9D3A8-F71E-4428-913F-C37AE82CDB24}.Ad-Hoc|Any CPU.Build.0 = Release|Any CPU
		{67F9D3A8-F71E-4428-913F-C37AE82CDB24}.Ad-Hoc|ARM.ActiveCfg = Release|Any CPU
		{67F9D3A8-F71E-4428-913F-C37AE82CDB24}.Ad-Hoc|iPhone.ActiveCfg = Release|Any CPU
		{67F9D3A8-F71E-4428-913F-C37AE82CDB24}.Ad-Hoc|iPhoneSimulator.ActiveCfg = Release|Any CPU
		{67F9D3A8-F71E-4428-913F-C37AE82CDB24}.Ad-Hoc|Mixed Platforms.ActiveCfg = Release|Any CPU
		{67F9D3A8-F71E-4428-913F-C37AE82CDB24}.Ad-Hoc|Mixed Platforms.Build.0 = Release|Any CPU
		{67F9D3A8-F71E-4428-913F-C37AE82CDB24}.Ad-Hoc|x86.ActiveCfg = Release|Any CPU
		{67F9D3A8-F71E-4428-913F-C37AE82CDB24}.AppStore|Any CPU.ActiveCfg = Release|Any CPU
		{67F9D3A8-F71E-4428-913F-C37AE82CDB24}.AppStore|Any CPU.Build.0 = Release|Any CPU
		{67F9D3A8-F71E-4428-913F-C37AE82CDB24}.AppStore|ARM.ActiveCfg = Release|Any CPU
		{67F9D3A8-F71E-4428-913F-C37AE82CDB24}.AppStore|iPhone.ActiveCfg = Release|Any CPU
		{67F9D3A8-F71E-4428-913F-C37AE82CDB24}.AppStore|iPhoneSimulator.ActiveCfg = Release|Any CPU
		{67F9D3A8-F71E-4428-913F-C37AE82CDB24}.AppStore|Mixed Platforms.ActiveCfg = Release|Any CPU
		{67F9D3A8-F71E-4428-913F-C37AE82CDB24}.AppStore|Mixed Platforms.Build.0 = Release|Any CPU
		{67F9D3A8-F71E-4428-913F-C37AE82CDB24}.AppStore|x86.ActiveCfg = Release|Any CPU
		{67F9D3A8-F71E-4428-913F-C37AE82CDB24}.Debug|Any CPU.ActiveCfg = Debug|Any CPU
		{67F9D3A8-F71E-4428-913F-C37AE82CDB24}.Debug|Any CPU.Build.0 = Debug|Any CPU
		{67F9D3A8-F71E-4428-913F-C37AE82CDB24}.Debug|ARM.ActiveCfg = Debug|Any CPU
		{67F9D3A8-F71E-4428-913F-C37AE82CDB24}.Debug|iPhone.ActiveCfg = Debug|Any CPU
		{67F9D3A8-F71E-4428-913F-C37AE82CDB24}.Debug|iPhoneSimulator.ActiveCfg = Debug|Any CPU
		{67F9D3A8-F71E-4428-913F-C37AE82CDB24}.Debug|Mixed Platforms.ActiveCfg = Debug|Any CPU
		{67F9D3A8-F71E-4428-913F-C37AE82CDB24}.Debug|Mixed Platforms.Build.0 = Debug|Any CPU
		{67F9D3A8-F71E-4428-913F-C37AE82CDB24}.Debug|x86.ActiveCfg = Debug|Any CPU
		{67F9D3A8-F71E-4428-913F-C37AE82CDB24}.Debug|x86.Build.0 = Debug|Any CPU
		{67F9D3A8-F71E-4428-913F-C37AE82CDB24}.Release|Any CPU.ActiveCfg = Release|Any CPU
		{67F9D3A8-F71E-4428-913F-C37AE82CDB24}.Release|Any CPU.Build.0 = Release|Any CPU
		{67F9D3A8-F71E-4428-913F-C37AE82CDB24}.Release|ARM.ActiveCfg = Release|Any CPU
		{67F9D3A8-F71E-4428-913F-C37AE82CDB24}.Release|iPhone.ActiveCfg = Release|Any CPU
		{67F9D3A8-F71E-4428-913F-C37AE82CDB24}.Release|iPhoneSimulator.ActiveCfg = Release|Any CPU
		{67F9D3A8-F71E-4428-913F-C37AE82CDB24}.Release|Mixed Platforms.ActiveCfg = Release|Any CPU
		{67F9D3A8-F71E-4428-913F-C37AE82CDB24}.Release|Mixed Platforms.Build.0 = Release|Any CPU
		{67F9D3A8-F71E-4428-913F-C37AE82CDB24}.Release|x86.ActiveCfg = Release|Any CPU
	EndGlobalSection
	GlobalSection(SolutionProperties) = preSolution
		HideSolutionNode = FALSE
	EndGlobalSection
	GlobalSection(MonoDevelopProperties) = preSolution
		StartupItem = Investment\Investment.csproj
	EndGlobalSection
EndGlobal
